
Microsoft Visual Studio Solution File, Format Version 12.00
# Visual Studio 15
VisualStudioVersion = 15.0.28307.902
MinimumVisualStudioVersion = 10.0.40219.1
Project("{8BC9CEB8-8B4A-11D0-8D11-00A0C91BC942}") = "List", "List\List.vcxproj", "{648DF189-225A-46B9-AD14-50116ED0E385}"
EndProject
Project("{8BC9CEB8-8B4A-11D0-8D11-00A0C91BC942}") = "BinaryTree", "BinaryTree\BinaryTree.vcxproj", "{A8EDFA79-78C3-4BCF-987F-2A85935C31DC}"
EndProject
Global
	GlobalSection(SolutionConfigurationPlatforms) = preSolution
		Debug|x64 = Debug|x64
		Debug|x86 = Debug|x86
		Release|x64 = Release|x64
		Release|x86 = Release|x86
	EndGlobalSection
	GlobalSection(ProjectConfigurationPlatforms) = postSolution
		{648DF189-225A-46B9-AD14-50116ED0E385}.Debug|x64.ActiveCfg = Debug|x64
		{648DF189-225A-46B9-AD14-50116ED0E385}.Debug|x64.Build.0 = Debug|x64
		{648DF189-225A-46B9-AD14-50116ED0E385}.Debug|x86.ActiveCfg = Debug|Win32
		{648DF189-225A-46B9-AD14-50116ED0E385}.Debug|x86.Build.0 = Debug|Win32
		{648DF189-225A-46B9-AD14-50116ED0E385}.Release|x64.ActiveCfg = Release|x64
		{648DF189-225A-46B9-AD14-50116ED0E385}.Release|x64.Build.0 = Release|x64
		{648DF189-225A-46B9-AD14-50116ED0E385}.Release|x86.ActiveCfg = Release|Win32
		{648DF189-225A-46B9-AD14-50116ED0E385}.Release|x86.Build.0 = Release|Win32
		{A8EDFA79-78C3-4BCF-987F-2A85935C31DC}.Debug|x64.ActiveCfg = Debug|x64
		{A8EDFA79-78C3-4BCF-987F-2A85935C31DC}.Debug|x64.Build.0 = Debug|x64
		{A8EDFA79-78C3-4BCF-987F-2A85935C31DC}.Debug|x86.ActiveCfg = Debug|Win32
		{A8EDFA79-78C3-4BCF-987F-2A85935C31DC}.Debug|x86.Build.0 = Debug|Win32
		{A8EDFA79-78C3-4BCF-987F-2A85935C31DC}.Release|x64.ActiveCfg = Release|x64
		{A8EDFA79-78C3-4BCF-987F-2A85935C31DC}.Release|x64.Build.0 = Release|x64
		{A8EDFA79-78C3-4BCF-987F-2A85935C31DC}.Release|x86.ActiveCfg = Release|Win32
		{A8EDFA79-78C3-4BCF-987F-2A85935C31DC}.Release|x86.Build.0 = Release|Win32
	EndGlobalSection
	GlobalSection(SolutionProperties) = preSolution
		HideSolutionNode = FALSE
	EndGlobalSection
	GlobalSection(ExtensibilityGlobals) = postSolution
		SolutionGuid = {8A71D093-CCA8-4B4D-9B19-2B7C2B66DAF7}
	EndGlobalSection
EndGlobal
